
Microsoft Visual Studio Solution File, Format Version 12.00
# Visual Studio Version 17
VisualStudioVersion = 17.13.35825.156 d17.13
MinimumVisualStudioVersion = 10.0.40219.1
Project("{F2A71F9B-5D33-465A-A702-920D77279786}") = "AspectGameEngine", "AspectGameEngine.fsproj", "{12CA58AF-A760-460F-A029-BFB1E7FBA370}"
EndProject
Global
	GlobalSection(SolutionConfigurationPlatforms) = preSolution
		Debug|Any CPU = Debug|Any CPU
		Release|Any CPU = Release|Any CPU
	EndGlobalSection
	GlobalSection(ProjectConfigurationPlatforms) = postSolution
		{12CA58AF-A760-460F-A029-BFB1E7FBA370}.Debug|Any CPU.ActiveCfg = Debug|Any CPU
		{12CA58AF-A760-460F-A029-BFB1E7FBA370}.Debug|Any CPU.Build.0 = Debug|Any CPU
		{12CA58AF-A760-460F-A029-BFB1E7FBA370}.Release|Any CPU.ActiveCfg = Release|Any CPU
		{12CA58AF-A760-460F-A029-BFB1E7FBA370}.Release|Any CPU.Build.0 = Release|Any CPU
	EndGlobalSection
	GlobalSection(SolutionProperties) = preSolution
		HideSolutionNode = FALSE
	EndGlobalSection
	GlobalSection(ExtensibilityGlobals) = postSolution
		SolutionGuid = {B5467CF9-4540-4855-9C0D-299DA8BC7010}
	EndGlobalSection
EndGlobal
